
Microsoft Visual Studio Solution File, Format Version 12.00
# Visual Studio Version 17
VisualStudioVersion = 17.6.33829.357
MinimumVisualStudioVersion = 10.0.40219.1
Project("{FAE04EC0-301F-11D3-BF4B-00C04F79EFBC}") = "BookShop", "BookShop\BookShop.csproj", "{540529BB-6A02-44E2-9E3D-680DA94E11A8}"
EndProject
Global
	GlobalSection(SolutionConfigurationPlatforms) = preSolution
		Debug|Any CPU = Debug|Any CPU
		Release|Any CPU = Release|Any CPU
	EndGlobalSection
	GlobalSection(ProjectConfigurationPlatforms) = postSolution
		{540529BB-6A02-44E2-9E3D-680DA94E11A8}.Debug|Any CPU.ActiveCfg = Debug|Any CPU
		{540529BB-6A02-44E2-9E3D-680DA94E11A8}.Debug|Any CPU.Build.0 = Debug|Any CPU
		{540529BB-6A02-44E2-9E3D-680DA94E11A8}.Release|Any CPU.ActiveCfg = Release|Any CPU
		{540529BB-6A02-44E2-9E3D-680DA94E11A8}.Release|Any CPU.Build.0 = Release|Any CPU
	EndGlobalSection
	GlobalSection(SolutionProperties) = preSolution
		HideSolutionNode = FALSE
	EndGlobalSection
	GlobalSection(ExtensibilityGlobals) = postSolution
		SolutionGuid = {5D23811A-DA37-47EB-A09D-E656B3B96907}
	EndGlobalSection
EndGlobal
